{
    "_readme": [
        "This file locks the dependencies of your project to a known state",
        "Read more about it at https://getcomposer.org/doc/01-basic-usage.md#composer-lock-the-lock-file",
        "This file is @generated automatically"
    ],
    "hash": "e262024f36ea5682799ad8c63007b5c4",
    "packages": [
        {
            "name": "codeigniter/framework",
            "version": "3.0.1",
            "source": {
                "type": "git",
                "url": "https://github.com/bcit-ci/CodeIgniter.git",
                "reference": "aaa14814fcd98cbb7e53a306b67a4a28a797e17b"
            },
            "dist": {
                "type": "zip",
                "url": "https://api.github.com/repos/bcit-ci/CodeIgniter/zipball/aaa14814fcd98cbb7e53a306b67a4a28a797e17b",
                "reference": "aaa14814fcd98cbb7e53a306b67a4a28a797e17b",
                "shasum": ""
            },
            "require": {
                "php": ">=5.2.4"
            },
            "require-dev": {
                "mikey179/vfsstream": "1.1.*"
            },
            "type": "project",
            "notification-url": "https://packagist.org/downloads/",
            "license": [
                "MIT"
            ],
            "description": "The CodeIgniter framework",
            "homepage": "http://codeigniter.com",
            "time": "2015-08-07 11:31:33"
        },
        {
            "name": "phpclasses/sql-parser",
            "version": "1.0",
            "dist": {
                "type": "zip",
                "url": "http://www.phpclasses.org/install/package/sql-parser.zip",
                "reference": null,
                "shasum": null
            },
            "type": "library",
            "autoload": {
                "classmap": [
                    "SqlParser.php"
                ]
            }
        }
    ],
    "packages-dev": [],
    "aliases": [],
    "minimum-stability": "stable",
    "stability-flags": [],
    "prefer-stable": false,
    "prefer-lowest": false,
    "platform": [],
    "platform-dev": []
}
